
Microsoft Visual Studio Solution File, Format Version 11.00
# Visual Studio 2010
Project("{8BC9CEB8-8B4A-11D0-8D11-00A0C91BC942}") = "FaacTo", "FaacTo\FaacTo.vcxproj", "{4DE750E9-71ED-42B1-B1B9-69B8564EEA4D}"
EndProject
Global
	GlobalSection(SolutionConfigurationPlatforms) = preSolution
		Debug|Win32 = Debug|Win32
		Release|Win32 = Release|Win32
	EndGlobalSection
	GlobalSection(ProjectConfigurationPlatforms) = postSolution
		{4DE750E9-71ED-42B1-B1B9-69B8564EEA4D}.Debug|Win32.ActiveCfg = Debug|Win32
		{4DE750E9-71ED-42B1-B1B9-69B8564EEA4D}.Debug|Win32.Build.0 = Debug|Win32
		{4DE750E9-71ED-42B1-B1B9-69B8564EEA4D}.Release|Win32.ActiveCfg = Release|Win32
		{4DE750E9-71ED-42B1-B1B9-69B8564EEA4D}.Release|Win32.Build.0 = Release|Win32
	EndGlobalSection
	GlobalSection(SolutionProperties) = preSolution
		HideSolutionNode = FALSE
	EndGlobalSection
EndGlobal
